PODS:
  - AutoInsetter (1.2.3)
  - Firebase/Core (5.0.1):
    - Firebase/CoreOnly
    - FirebaseAnalytics (= 5.0.0)
  - Firebase/CoreOnly (5.0.1):
    - FirebaseCore (= 5.0.1)
  - Firebase/Storage (5.0.1):
    - Firebase/CoreOnly
    - FirebaseStorage (= 3.0.0)
  - FirebaseAnalytics (5.0.0):
    - FirebaseCore (~> 5.0)
    - FirebaseInstanceID (~> 3.0)
    - "GoogleToolboxForMac/NSData+zlib (~> 2.1)"
    - nanopb (~> 0.3)
  - FirebaseCore (5.0.1):
    - "GoogleToolboxForMac/NSData+zlib (~> 2.1)"
  - FirebaseInstanceID (3.0.0):
    - FirebaseCore (~> 5.0)
  - FirebaseStorage (3.0.0):
    - FirebaseCore (~> 5.0)
    - GTMSessionFetcher/Core (~> 1.1)
  - GoogleToolboxForMac/Defines (2.1.4)
  - "GoogleToolboxForMac/NSData+zlib (2.1.4)":
    - GoogleToolboxForMac/Defines (= 2.1.4)
  - GTMSessionFetcher/Core (1.1.15)
  - nanopb (0.3.8):
    - nanopb/decode (= 0.3.8)
    - nanopb/encode (= 0.3.8)
  - nanopb/decode (0.3.8)
  - nanopb/encode (0.3.8)
  - Pageboy (2.5.1)
  - SwiftLint (0.25.1)
  - Tabman (1.8.2):
    - AutoInsetter (~> 1.2.0)
    - Pageboy (~> 2.5.0)

DEPENDENCIES:
  - Firebase/Core
  - Firebase/Storage
  - SwiftLint
  - Tabman (~> 1.0)

SPEC REPOS:
  https://github.com/cocoapods/specs.git:
    - AutoInsetter
    - Firebase
    - FirebaseAnalytics
    - FirebaseCore
    - FirebaseInstanceID
    - FirebaseStorage
    - GoogleToolboxForMac
    - GTMSessionFetcher
    - nanopb
    - Pageboy
    - SwiftLint
    - Tabman

SPEC CHECKSUMS:
  AutoInsetter: 1a8f8ad5e7da8e993970b3809cfb8e8e330f4db1
  Firebase: d6861c2059d8c32d1e6dd8932e22ada346d90a3a
  FirebaseAnalytics: 19812b49fa5f283dd6b23edf8a14b5d477029ab8
  FirebaseCore: cafc814b2d84fc8733f09e653041cc2165332ad7
  FirebaseInstanceID: 83e0040351565df711a5db3d8ebe5ea21aca998a
  FirebaseStorage: 7ca4bb7b58a25fa647b04f524033fc7cb7eb272b
  GoogleToolboxForMac: 91c824d21e85b31c2aae9bb011c5027c9b4e738f
  GTMSessionFetcher: 5fa5b80fd20e439ef5f545fb2cb3ca6c6714caa2
  nanopb: 5601e6bca2dbf1ed831b519092ec110f66982ca3
  Pageboy: f0295ea949f0b0123a1b486fd347ea892d0078e0
  SwiftLint: ce933681be10c3266e82576dad676fa815a602e9
  Tabman: 69ce69b44cec1ad693b82c24cdbdf0c45915668c

PODFILE CHECKSUM: 31175e6632327200be31bb34991da444cb8286f2

COCOAPODS: 1.5.3
